
Microsoft Visual Studio Solution File, Format Version 12.00
# Visual Studio Version 16
VisualStudioVersion = 16.0.29911.84
MinimumVisualStudioVersion = 10.0.40219.1
Project("{FAE04EC0-301F-11D3-BF4B-00C04F79EFBC}") = "ConectandoVidas", "ConectandoVidas\ConectandoVidas.csproj", "{4B967A2C-E538-4571-A638-395E2EA8652E}"
EndProject
Global
	GlobalSection(SolutionConfigurationPlatforms) = preSolution
		Debug|Any CPU = Debug|Any CPU
		Release|Any CPU = Release|Any CPU
	EndGlobalSection
	GlobalSection(ProjectConfigurationPlatforms) = postSolution
		{4B967A2C-E538-4571-A638-395E2EA8652E}.Debug|Any CPU.ActiveCfg = Debug|Any CPU
		{4B967A2C-E538-4571-A638-395E2EA8652E}.Debug|Any CPU.Build.0 = Debug|Any CPU
		{4B967A2C-E538-4571-A638-395E2EA8652E}.Release|Any CPU.ActiveCfg = Release|Any CPU
		{4B967A2C-E538-4571-A638-395E2EA8652E}.Release|Any CPU.Build.0 = Release|Any CPU
	EndGlobalSection
	GlobalSection(SolutionProperties) = preSolution
		HideSolutionNode = FALSE
	EndGlobalSection
	GlobalSection(ExtensibilityGlobals) = postSolution
		SolutionGuid = {5FAB3F92-2ED0-4C72-9679-7268BA4D85F7}
	EndGlobalSection
EndGlobal
